releases:
    - name: bpm
      sha1: aff9f4397c931c7b9cdb992c62d3f3f629756198
      version: 1.2.12
      remote_source: bosh.io
      remote_path: https://bosh.io/d/github.com/cloudfoundry/bpm-release?v=1.2.12
    - name: hello-release
      sha1: d7de88ab98d7d61d0a4e660c8fff76727817c059
      version: 0.4.0
      remote_source: releen
      remote_path: https://github.com/releen/hello-release/releases/download/0.4.0/hello-release-0.4.0.tgz
stemcell_criteria:
    os: ubuntu-jammy
    version: "1.329"
